
Microsoft Visual Studio Solution File, Format Version 12.00
# Visual Studio Version 17
VisualStudioVersion = 17.0.31903.59
MinimumVisualStudioVersion = 10.0.40219.1
Project("{2150E333-8FDC-42A3-9474-1A3956D46DE8}") = "src", "src", "{827E0CD3-B72D-47B6-A68D-7590B98EB39B}"
EndProject
Project("{FAE04EC0-301F-11D3-BF4B-00C04F79EFBC}") = "Retention.Lib", "src\Retention.Lib\Retention.Lib.csproj", "{1A16450B-ADFC-4C25-A6DE-E7E55BE5D6C0}"
EndProject
Project("{FAE04EC0-301F-11D3-BF4B-00C04F79EFBC}") = "Retention.Worker", "src\Retention.Worker\Retention.Worker.csproj", "{C9CF8DD6-B5E0-4F5E-8803-7BCE3C389E15}"
EndProject
Project("{2150E333-8FDC-42A3-9474-1A3956D46DE8}") = "tests", "tests", "{0AB3BF05-4346-4AA6-1389-037BE0695223}"
EndProject
Project("{FAE04EC0-301F-11D3-BF4B-00C04F79EFBC}") = "Retention.Tests", "tests\Retention.Tests\Retention.Tests.csproj", "{45E1E2F1-2A3C-46D2-A944-9982BA6E457B}"
EndProject
Global
	GlobalSection(SolutionConfigurationPlatforms) = preSolution
		Debug|Any CPU = Debug|Any CPU
		Debug|x64 = Debug|x64
		Debug|x86 = Debug|x86
		Release|Any CPU = Release|Any CPU
		Release|x64 = Release|x64
		Release|x86 = Release|x86
	EndGlobalSection
	GlobalSection(ProjectConfigurationPlatforms) = postSolution
		{1A16450B-ADFC-4C25-A6DE-E7E55BE5D6C0}.Debug|Any CPU.ActiveCfg = Debug|Any CPU
		{1A16450B-ADFC-4C25-A6DE-E7E55BE5D6C0}.Debug|Any CPU.Build.0 = Debug|Any CPU
		{1A16450B-ADFC-4C25-A6DE-E7E55BE5D6C0}.Debug|x64.ActiveCfg = Debug|Any CPU
		{1A16450B-ADFC-4C25-A6DE-E7E55BE5D6C0}.Debug|x64.Build.0 = Debug|Any CPU
		{1A16450B-ADFC-4C25-A6DE-E7E55BE5D6C0}.Debug|x86.ActiveCfg = Debug|Any CPU
		{1A16450B-ADFC-4C25-A6DE-E7E55BE5D6C0}.Debug|x86.Build.0 = Debug|Any CPU
		{1A16450B-ADFC-4C25-A6DE-E7E55BE5D6C0}.Release|Any CPU.ActiveCfg = Release|Any CPU
		{1A16450B-ADFC-4C25-A6DE-E7E55BE5D6C0}.Release|Any CPU.Build.0 = Release|Any CPU
		{1A16450B-ADFC-4C25-A6DE-E7E55BE5D6C0}.Release|x64.ActiveCfg = Release|Any CPU
		{1A16450B-ADFC-4C25-A6DE-E7E55BE5D6C0}.Release|x64.Build.0 = Release|Any CPU
		{1A16450B-ADFC-4C25-A6DE-E7E55BE5D6C0}.Release|x86.ActiveCfg = Release|Any CPU
		{1A16450B-ADFC-4C25-A6DE-E7E55BE5D6C0}.Release|x86.Build.0 = Release|Any CPU
		{C9CF8DD6-B5E0-4F5E-8803-7BCE3C389E15}.Debug|Any CPU.ActiveCfg = Debug|Any CPU
		{C9CF8DD6-B5E0-4F5E-8803-7BCE3C389E15}.Debug|Any CPU.Build.0 = Debug|Any CPU
		{C9CF8DD6-B5E0-4F5E-8803-7BCE3C389E15}.Debug|x64.ActiveCfg = Debug|Any CPU
		{C9CF8DD6-B5E0-4F5E-8803-7BCE3C389E15}.Debug|x64.Build.0 = Debug|Any CPU
		{C9CF8DD6-B5E0-4F5E-8803-7BCE3C389E15}.Debug|x86.ActiveCfg = Debug|Any CPU
		{C9CF8DD6-B5E0-4F5E-8803-7BCE3C389E15}.Debug|x86.Build.0 = Debug|Any CPU
		{C9CF8DD6-B5E0-4F5E-8803-7BCE3C389E15}.Release|Any CPU.ActiveCfg = Release|Any CPU
		{C9CF8DD6-B5E0-4F5E-8803-7BCE3C389E15}.Release|Any CPU.Build.0 = Release|Any CPU
		{C9CF8DD6-B5E0-4F5E-8803-7BCE3C389E15}.Release|x64.ActiveCfg = Release|Any CPU
		{C9CF8DD6-B5E0-4F5E-8803-7BCE3C389E15}.Release|x64.Build.0 = Release|Any CPU
		{C9CF8DD6-B5E0-4F5E-8803-7BCE3C389E15}.Release|x86.ActiveCfg = Release|Any CPU
		{C9CF8DD6-B5E0-4F5E-8803-7BCE3C389E15}.Release|x86.Build.0 = Release|Any CPU
		{45E1E2F1-2A3C-46D2-A944-9982BA6E457B}.Debug|Any CPU.ActiveCfg = Debug|Any CPU
		{45E1E2F1-2A3C-46D2-A944-9982BA6E457B}.Debug|Any CPU.Build.0 = Debug|Any CPU
		{45E1E2F1-2A3C-46D2-A944-9982BA6E457B}.Debug|x64.ActiveCfg = Debug|Any CPU
		{45E1E2F1-2A3C-46D2-A944-9982BA6E457B}.Debug|x64.Build.0 = Debug|Any CPU
		{45E1E2F1-2A3C-46D2-A944-9982BA6E457B}.Debug|x86.ActiveCfg = Debug|Any CPU
		{45E1E2F1-2A3C-46D2-A944-9982BA6E457B}.Debug|x86.Build.0 = Debug|Any CPU
		{45E1E2F1-2A3C-46D2-A944-9982BA6E457B}.Release|Any CPU.ActiveCfg = Release|Any CPU
		{45E1E2F1-2A3C-46D2-A944-9982BA6E457B}.Release|Any CPU.Build.0 = Release|Any CPU
		{45E1E2F1-2A3C-46D2-A944-9982BA6E457B}.Release|x64.ActiveCfg = Release|Any CPU
		{45E1E2F1-2A3C-46D2-A944-9982BA6E457B}.Release|x64.Build.0 = Release|Any CPU
		{45E1E2F1-2A3C-46D2-A944-9982BA6E457B}.Release|x86.ActiveCfg = Release|Any CPU
		{45E1E2F1-2A3C-46D2-A944-9982BA6E457B}.Release|x86.Build.0 = Release|Any CPU
	EndGlobalSection
	GlobalSection(SolutionProperties) = preSolution
		HideSolutionNode = FALSE
	EndGlobalSection
	GlobalSection(NestedProjects) = preSolution
		{1A16450B-ADFC-4C25-A6DE-E7E55BE5D6C0} = {827E0CD3-B72D-47B6-A68D-7590B98EB39B}
		{C9CF8DD6-B5E0-4F5E-8803-7BCE3C389E15} = {827E0CD3-B72D-47B6-A68D-7590B98EB39B}
		{45E1E2F1-2A3C-46D2-A944-9982BA6E457B} = {0AB3BF05-4346-4AA6-1389-037BE0695223}
	EndGlobalSection
EndGlobal
